<?xml version="1.0" encoding="utf-8"?>
<Project ToolsVersion="4.0" xmlns="http://schemas.microsoft.com/developer/msbuild/2003">
  <ItemGroup>
    <Filter Include="Source Files">
      <UniqueIdentifier>{4FC737F1-C7A5-4376-A066-2A32D752A2FF}</UniqueIdentifier>
      <Extensions>cpp;c;cc;cxx;def;odl;idl;hpj;bat;asm;asmx</Extensions>
    </Filter>
    <Filter Include="Resource Files">
      <UniqueIdentifier>{67DA6AB6-F800-4c08-8B7A-83BB121AAD01}</UniqueIdentifier>
      <Extensions>rc;ico;cur;bmp;dlg;rc2;rct;bin;rgs;gif;jpg;jpeg;jpe;resx;tiff;tif;png;wav;mfcribbon-ms</Extensions>
    </Filter>
    <Filter Include="shaders">
      <UniqueIdentifier>{22e97b6a-d27e-40ec-bdac-a23beb5d5d88}</UniqueIdentifier>
    </Filter>
    <Filter Include="Source Files\net">
      <UniqueIdentifier>{67df7f5e-7b99-46fd-be84-9ed0e01a17ed}</UniqueIdentifier>
    </Filter>
    <Filter Include="Source Files\main">
      <UniqueIdentifier>{1bd5afb9-cdf4-4a46-84d7-48799a9e451d}</UniqueIdentifier>
    </Filter>
    <Filter Include="Source Files\gamedata">
      <UniqueIdentifier>{c1dc50d8-6bd0-40b8-9239-ba49a0df498a}</UniqueIdentifier>
    </Filter>
    <Filter Include="Source Files\local_machine">
      <UniqueIdentifier>{2cd6c109-6521-40ae-a90e-5d02dffd70af}</UniqueIdentifier>
    </Filter>
    <Filter Include="Source Files\misc">
      <UniqueIdentifier>{2ce5f008-bc6c-4f99-97c2-bf13e295ccc2}</UniqueIdentifier>
    </Filter>
    <Filter Include="Source Files\physics">
      <UniqueIdentifier>{8538e9f5-9c92-466b-8522-bb949d0df9d9}</UniqueIdentifier>
    </Filter>
    <Filter Include="Source Files\graphics">
      <UniqueIdentifier>{40eeb75d-84ac-489a-9b2d-6568e78a9874}</UniqueIdentifier>
    </Filter>
    <Filter Include="Source Files\world">
      <UniqueIdentifier>{454279b8-7e3b-411c-a618-c3b148de63a9}</UniqueIdentifier>
    </Filter>
    <Filter Include="Source Files\world\objects">
      <UniqueIdentifier>{ee7981be-7434-4259-b1f4-0fa444e29ee6}</UniqueIdentifier>
    </Filter>
    <Filter Include="Source Files\world\objects\items">
      <UniqueIdentifier>{aae18e62-4f6e-474f-afed-e74a71bcd5a4}</UniqueIdentifier>
    </Filter>
    <Filter Include="Source Files\graphics\frustum">
      <UniqueIdentifier>{5a11e9a9-da5b-4001-a7e4-fc19a6c0eebd}</UniqueIdentifier>
    </Filter>
    <Filter Include="Source Files\graphics\menus">
      <UniqueIdentifier>{00cde1f7-0c83-4604-9f4b-3db080bd9957}</UniqueIdentifier>
    </Filter>
    <Filter Include="Source Files\graphics\models">
      <UniqueIdentifier>{307f47cb-02a0-4c09-83b8-b04875fc88d9}</UniqueIdentifier>
    </Filter>
    <Filter Include="Source Files\graphics\skybox">
      <UniqueIdentifier>{8224f928-a55f-43fb-a7c5-ab5aa4ab326e}</UniqueIdentifier>
    </Filter>
    <Filter Include="Source Files\graphics\terrain">
      <UniqueIdentifier>{ba7b8796-77aa-4c16-b2b7-945099612df6}</UniqueIdentifier>
    </Filter>
    <Filter Include="Source Files\graphics\particles">
      <UniqueIdentifier>{49d57578-ca4a-41ac-9dff-2ef089c7f384}</UniqueIdentifier>
    </Filter>
  </ItemGroup>
  <ItemGroup>
    <None Include="..\bin\shaders\blur.vertex">
      <Filter>shaders</Filter>
    </None>
    <None Include="..\bin\shaders\grass.vertex">
      <Filter>shaders</Filter>
    </None>
    <None Include="..\bin\shaders\level.vertex">
      <Filter>shaders</Filter>
    </None>
    <None Include="..\bin\shaders\particle.vertex">
      <Filter>shaders</Filter>
    </None>
    <None Include="..\bin\shaders\ssao.vertex">
      <Filter>shaders</Filter>
    </None>
    <None Include="..\bin\shaders\ssao_simple.vertex">
      <Filter>shaders</Filter>
    </None>
    <None Include="..\bin\shaders\unit.vertex">
      <Filter>shaders</Filter>
    </None>
    <None Include="..\bin\shaders\blur_horizontalpass.fragment">
      <Filter>shaders</Filter>
    </None>
    <None Include="..\bin\shaders\blur_verticalpass.fragment">
      <Filter>shaders</Filter>
    </None>
    <None Include="..\bin\shaders\debugdepth.fragment">
      <Filter>shaders</Filter>
    </None>
    <None Include="..\bin\shaders\grass.fragment">
      <Filter>shaders</Filter>
    </None>
    <None Include="..\bin\shaders\grass.geometry">
      <Filter>shaders</Filter>
    </None>
    <None Include="..\bin\shaders\level.fragment">
      <Filter>shaders</Filter>
    </None>
    <None Include="..\bin\shaders\level.geometry">
      <Filter>shaders</Filter>
    </None>
    <None Include="..\bin\shaders\particle.fragment">
      <Filter>shaders</Filter>
    </None>
    <None Include="..\bin\shaders\particle.geometry">
      <Filter>shaders</Filter>
    </None>
    <None Include="..\bin\shaders\ssao.fragment">
      <Filter>shaders</Filter>
    </None>
    <None Include="..\bin\shaders\ssao_simple.fragment">
      <Filter>shaders</Filter>
    </None>
    <None Include="..\bin\shaders\unit.fragment">
      <Filter>shaders</Filter>
    </None>
    <None Include="..\bin\graphics.conf">
      <Filter>Resource Files</Filter>
    </None>
    <None Include="..\bin\hud.conf">
      <Filter>Resource Files</Filter>
    </None>
    <None Include="..\bin\visualworld.conf">
      <Filter>Resource Files</Filter>
    </None>
    <None Include="..\bin\world.conf">
      <Filter>Resource Files</Filter>
    </None>
    <None Include="..\src\misc\messaging_system.icc">
      <Filter>Source Files\misc</Filter>
    </None>
    <None Include="..\src\misc\vec3.icc">
      <Filter>Source Files\misc</Filter>
    </None>
  </ItemGroup>
  <ItemGroup>
    <ClCompile Include="..\src\net\socket.cpp">
      <Filter>Source Files\net</Filter>
    </ClCompile>
    <ClCompile Include="..\src\net\socket_handler.cpp">
      <Filter>Source Files\net</Filter>
    </ClCompile>
    <ClCompile Include="..\src\main\main.cpp">
      <Filter>Source Files\main</Filter>
    </ClCompile>
    <ClCompile Include="..\src\local_machine\game.cpp">
      <Filter>Source Files\local_machine</Filter>
    </ClCompile>
    <ClCompile Include="..\src\local_machine\localplayer.cpp">
      <Filter>Source Files\local_machine</Filter>
    </ClCompile>
    <ClCompile Include="..\src\local_machine\networkmessage.cpp">
      <Filter>Source Files\local_machine</Filter>
    </ClCompile>
    <ClCompile Include="..\src\local_machine\userio.cpp">
      <Filter>Source Files\local_machine</Filter>
    </ClCompile>
    <ClCompile Include="..\src\misc\apomath.cpp">
      <Filter>Source Files\misc</Filter>
    </ClCompile>
    <ClCompile Include="..\src\misc\fixed_point.cpp">
      <Filter>Source Files\misc</Filter>
    </ClCompile>
    <ClCompile Include="..\src\misc\fps_manager.cpp">
      <Filter>Source Files\misc</Filter>
    </ClCompile>
    <ClCompile Include="..\src\misc\hasproperties.cpp">
      <Filter>Source Files\misc</Filter>
    </ClCompile>
    <ClCompile Include="..\src\misc\keymanager.cpp">
      <Filter>Source Files\misc</Filter>
    </ClCompile>
    <ClCompile Include="..\src\misc\logger.cpp">
      <Filter>Source Files\misc</Filter>
    </ClCompile>
    <ClCompile Include="..\src\misc\messaging_system.cpp">
      <Filter>Source Files\misc</Filter>
    </ClCompile>
    <ClCompile Include="..\src\misc\timer.cpp">
      <Filter>Source Files\misc</Filter>
    </ClCompile>
    <ClCompile Include="..\src\physics\collision.cpp">
      <Filter>Source Files\physics</Filter>
    </ClCompile>
    <ClCompile Include="..\src\physics\movable_object.cpp">
      <Filter>Source Files\physics</Filter>
    </ClCompile>
    <ClCompile Include="..\src\physics\octree.cpp">
      <Filter>Source Files\physics</Filter>
    </ClCompile>
    <ClCompile Include="..\src\physics\octree_object.cpp">
      <Filter>Source Files\physics</Filter>
    </ClCompile>
    <ClCompile Include="..\src\world\ai_behaviours.cpp">
      <Filter>Source Files\world</Filter>
    </ClCompile>
    <ClCompile Include="..\src\world\level.cpp">
      <Filter>Source Files\world</Filter>
    </ClCompile>
    <ClCompile Include="..\src\world\ordercontainer.cpp">
      <Filter>Source Files\world</Filter>
    </ClCompile>
    <ClCompile Include="..\src\world\playerinfo.cpp">
      <Filter>Source Files\world</Filter>
    </ClCompile>
    <ClCompile Include="..\src\world\random.cpp">
      <Filter>Source Files\world</Filter>
    </ClCompile>
    <ClCompile Include="..\src\world\world.cpp">
      <Filter>Source Files\world</Filter>
    </ClCompile>
    <ClCompile Include="..\src\world\world_team.cpp">
      <Filter>Source Files\world</Filter>
    </ClCompile>
    <ClCompile Include="..\src\world\objects\inventory.cpp">
      <Filter>Source Files\world\objects</Filter>
    </ClCompile>
    <ClCompile Include="..\src\world\objects\projectile.cpp">
      <Filter>Source Files\world\objects</Filter>
    </ClCompile>
    <ClCompile Include="..\src\world\objects\unit.cpp">
      <Filter>Source Files\world\objects</Filter>
    </ClCompile>
    <ClCompile Include="..\src\world\objects\world_item.cpp">
      <Filter>Source Files\world\objects</Filter>
    </ClCompile>
    <ClCompile Include="..\src\world\objects\world_item_use.cpp">
      <Filter>Source Files\world\objects</Filter>
    </ClCompile>
    <ClCompile Include="..\src\world\objects\items\ballistic.cpp">
      <Filter>Source Files\world\objects\items</Filter>
    </ClCompile>
    <ClCompile Include="..\src\world\objects\items\beam.cpp">
      <Filter>Source Files\world\objects\items</Filter>
    </ClCompile>
    <ClCompile Include="..\src\world\objects\items\tool.cpp">
      <Filter>Source Files\world\objects\items</Filter>
    </ClCompile>
    <ClCompile Include="..\src\graphics\basiccamera.cpp">
      <Filter>Source Files\graphics</Filter>
    </ClCompile>
    <ClCompile Include="..\src\graphics\camera.cpp">
      <Filter>Source Files\graphics</Filter>
    </ClCompile>
    <ClCompile Include="..\src\graphics\font.cpp">
      <Filter>Source Files\graphics</Filter>
    </ClCompile>
    <ClCompile Include="..\src\graphics\framebuffer.cpp">
      <Filter>Source Files\graphics</Filter>
    </ClCompile>
    <ClCompile Include="..\src\graphics\graphics.cpp">
      <Filter>Source Files\graphics</Filter>
    </ClCompile>
    <ClCompile Include="..\src\graphics\graphics_debug.cpp">
      <Filter>Source Files\graphics</Filter>
    </ClCompile>
    <ClCompile Include="..\src\graphics\graphics_helper.cpp">
      <Filter>Source Files\graphics</Filter>
    </ClCompile>
    <ClCompile Include="..\src\graphics\graphics_lights.cpp">
      <Filter>Source Files\graphics</Filter>
    </ClCompile>
    <ClCompile Include="..\src\graphics\graphics_loadingscreen.cpp">
      <Filter>Source Files\graphics</Filter>
    </ClCompile>
    <ClCompile Include="..\src\graphics\hud.cpp">
      <Filter>Source Files\graphics</Filter>
    </ClCompile>
    <ClCompile Include="..\src\graphics\image.cpp">
      <Filter>Source Files\graphics</Filter>
    </ClCompile>
    <ClCompile Include="..\src\graphics\lightsource.cpp">
      <Filter>Source Files\graphics</Filter>
    </ClCompile>
    <ClCompile Include="..\src\graphics\loadpng.cpp">
      <Filter>Source Files\graphics</Filter>
    </ClCompile>
    <ClCompile Include="..\src\graphics\opengl.cpp">
      <Filter>Source Files\graphics</Filter>
    </ClCompile>
    <ClCompile Include="..\src\graphics\shader.cpp">
      <Filter>Source Files\graphics</Filter>
    </ClCompile>
    <ClCompile Include="..\src\graphics\shaders.cpp">
      <Filter>Source Files\graphics</Filter>
    </ClCompile>
    <ClCompile Include="..\src\graphics\string2rgb.cpp">
      <Filter>Source Files\graphics</Filter>
    </ClCompile>
    <ClCompile Include="..\src\graphics\texturehandler.cpp">
      <Filter>Source Files\graphics</Filter>
    </ClCompile>
    <ClCompile Include="..\src\graphics\window.cpp">
      <Filter>Source Files\graphics</Filter>
    </ClCompile>
    <ClCompile Include="..\src\graphics\visualworld.cpp">
      <Filter>Source Files\graphics</Filter>
    </ClCompile>
    <ClCompile Include="..\src\graphics\frustum\frustumr.cpp">
      <Filter>Source Files\graphics\frustum</Filter>
    </ClCompile>
    <ClCompile Include="..\src\graphics\frustum\matrix4.cpp">
      <Filter>Source Files\graphics\frustum</Filter>
    </ClCompile>
    <ClCompile Include="..\src\graphics\frustum\plane.cpp">
      <Filter>Source Files\graphics\frustum</Filter>
    </ClCompile>
    <ClCompile Include="..\src\graphics\menus\menu.cpp">
      <Filter>Source Files\graphics\menus</Filter>
    </ClCompile>
    <ClCompile Include="..\src\graphics\models\animation.cpp">
      <Filter>Source Files\graphics\models</Filter>
    </ClCompile>
    <ClCompile Include="..\src\graphics\models\invisiblemodel.cpp">
      <Filter>Source Files\graphics\models</Filter>
    </ClCompile>
    <ClCompile Include="..\src\graphics\models\model.cpp">
      <Filter>Source Files\graphics\models</Filter>
    </ClCompile>
    <ClCompile Include="..\src\graphics\models\modelfactory.cpp">
      <Filter>Source Files\graphics\models</Filter>
    </ClCompile>
    <ClCompile Include="..\src\graphics\models\skeletalmodel.cpp">
      <Filter>Source Files\graphics\models</Filter>
    </ClCompile>
    <ClCompile Include="..\src\graphics\terrain\btt.cpp">
      <Filter>Source Files\graphics\terrain</Filter>
    </ClCompile>
    <ClCompile Include="..\src\graphics\terrain\grasscluster.cpp">
      <Filter>Source Files\graphics\terrain</Filter>
    </ClCompile>
    <ClCompile Include="..\src\graphics\terrain\leveldescriptor.cpp">
      <Filter>Source Files\graphics\terrain</Filter>
    </ClCompile>
    <ClCompile Include="..\src\graphics\terrain\roof_renderer.cpp">
      <Filter>Source Files\graphics\terrain</Filter>
    </ClCompile>
    <ClCompile Include="..\src\graphics\skybox\skybox.cpp">
      <Filter>Source Files\graphics\skybox</Filter>
    </ClCompile>
    <ClCompile Include="..\src\graphics\particles\graphics_particles.cpp">
      <Filter>Source Files\graphics\particles</Filter>
    </ClCompile>
    <ClCompile Include="..\src\graphics\particles\particle_source.cpp">
      <Filter>Source Files\graphics\particles</Filter>
    </ClCompile>
    <ClCompile Include="..\src\algorithms.cpp">
      <Filter>Source Files</Filter>
    </ClCompile>
    <ClCompile Include="..\src\gamesound.cpp">
      <Filter>Source Files</Filter>
    </ClCompile>
  </ItemGroup>
  <ItemGroup>
    <ClInclude Include="..\src\net\socket.h">
      <Filter>Source Files\net</Filter>
    </ClInclude>
    <ClInclude Include="..\src\net\socket_handler.h">
      <Filter>Source Files\net</Filter>
    </ClInclude>
    <ClInclude Include="..\src\game_data\character_info.h">
      <Filter>Source Files\gamedata</Filter>
    </ClInclude>
    <ClInclude Include="..\src\local_machine\game.h">
      <Filter>Source Files\local_machine</Filter>
    </ClInclude>
    <ClInclude Include="..\src\local_machine\localplayer.h">
      <Filter>Source Files\local_machine</Filter>
    </ClInclude>
    <ClInclude Include="..\src\local_machine\networkmessage.h">
      <Filter>Source Files\local_machine</Filter>
    </ClInclude>
    <ClInclude Include="..\src\local_machine\userio.h">
      <Filter>Source Files\local_machine</Filter>
    </ClInclude>
    <ClInclude Include="..\src\misc\apomath.h">
      <Filter>Source Files\misc</Filter>
    </ClInclude>
    <ClInclude Include="..\src\misc\fixed_point.h">
      <Filter>Source Files\misc</Filter>
    </ClInclude>
    <ClInclude Include="..\src\misc\fps_manager.h">
      <Filter>Source Files\misc</Filter>
    </ClInclude>
    <ClInclude Include="..\src\misc\hasproperties.h">
      <Filter>Source Files\misc</Filter>
    </ClInclude>
    <ClInclude Include="..\src\misc\idgenerator.h">
      <Filter>Source Files\misc</Filter>
    </ClInclude>
    <ClInclude Include="..\src\misc\keymanager.h">
      <Filter>Source Files\misc</Filter>
    </ClInclude>
    <ClInclude Include="..\src\misc\logger.h">
      <Filter>Source Files\misc</Filter>
    </ClInclude>
    <ClInclude Include="..\src\misc\messaging_system.h">
      <Filter>Source Files\misc</Filter>
    </ClInclude>
    <ClInclude Include="..\src\misc\timer.h">
      <Filter>Source Files\misc</Filter>
    </ClInclude>
    <ClInclude Include="..\src\misc\vec3.h">
      <Filter>Source Files\misc</Filter>
    </ClInclude>
    <ClInclude Include="..\src\physics\collision.h">
      <Filter>Source Files\physics</Filter>
    </ClInclude>
    <ClInclude Include="..\src\physics\movable_object.h">
      <Filter>Source Files\physics</Filter>
    </ClInclude>
    <ClInclude Include="..\src\physics\octree.h">
      <Filter>Source Files\physics</Filter>
    </ClInclude>
    <ClInclude Include="..\src\physics\octree_object.h">
      <Filter>Source Files\physics</Filter>
    </ClInclude>
    <ClInclude Include="..\src\world\item.h">
      <Filter>Source Files\world</Filter>
    </ClInclude>
    <ClInclude Include="..\src\world\level.h">
      <Filter>Source Files\world</Filter>
    </ClInclude>
    <ClInclude Include="..\src\world\order.h">
      <Filter>Source Files\world</Filter>
    </ClInclude>
    <ClInclude Include="..\src\world\ordercontainer.h">
      <Filter>Source Files\world</Filter>
    </ClInclude>
    <ClInclude Include="..\src\world\playerinfo.h">
      <Filter>Source Files\world</Filter>
    </ClInclude>
    <ClInclude Include="..\src\world\random.h">
      <Filter>Source Files\world</Filter>
    </ClInclude>
    <ClInclude Include="..\src\world\world.h">
      <Filter>Source Files\world</Filter>
    </ClInclude>
    <ClInclude Include="..\src\world\worldevent.h">
      <Filter>Source Files\world</Filter>
    </ClInclude>
    <ClInclude Include="..\src\world\objects\inventory.h">
      <Filter>Source Files\world\objects</Filter>
    </ClInclude>
    <ClInclude Include="..\src\world\objects\projectile.h">
      <Filter>Source Files\world\objects</Filter>
    </ClInclude>
    <ClInclude Include="..\src\world\objects\unit.h">
      <Filter>Source Files\world\objects</Filter>
    </ClInclude>
    <ClInclude Include="..\src\world\objects\world_item.h">
      <Filter>Source Files\world\objects</Filter>
    </ClInclude>
    <ClInclude Include="..\src\world\objects\items\ballistic.h">
      <Filter>Source Files\world\objects\items</Filter>
    </ClInclude>
    <ClInclude Include="..\src\world\objects\items\beam.h">
      <Filter>Source Files\world\objects\items</Filter>
    </ClInclude>
    <ClInclude Include="..\src\world\objects\items\tool.h">
      <Filter>Source Files\world\objects\items</Filter>
    </ClInclude>
    <ClInclude Include="..\src\graphics\basiccamera.h">
      <Filter>Source Files\graphics</Filter>
    </ClInclude>
    <ClInclude Include="..\src\graphics\camera.h">
      <Filter>Source Files\graphics</Filter>
    </ClInclude>
    <ClInclude Include="..\src\graphics\font.h">
      <Filter>Source Files\graphics</Filter>
    </ClInclude>
    <ClInclude Include="..\src\graphics\framebuffer.h">
      <Filter>Source Files\graphics</Filter>
    </ClInclude>
    <ClInclude Include="..\src\graphics\graphics.h">
      <Filter>Source Files\graphics</Filter>
    </ClInclude>
    <ClInclude Include="..\src\graphics\graphics_helper.h">
      <Filter>Source Files\graphics</Filter>
    </ClInclude>
    <ClInclude Include="..\src\graphics\hud.h">
      <Filter>Source Files\graphics</Filter>
    </ClInclude>
    <ClInclude Include="..\src\graphics\image.h">
      <Filter>Source Files\graphics</Filter>
    </ClInclude>
    <ClInclude Include="..\src\graphics\level_square_part_block.h">
      <Filter>Source Files\graphics</Filter>
    </ClInclude>
    <ClInclude Include="..\src\graphics\light_object.h">
      <Filter>Source Files\graphics</Filter>
    </ClInclude>
    <ClInclude Include="..\src\graphics\lightsource.h">
      <Filter>Source Files\graphics</Filter>
    </ClInclude>
    <ClInclude Include="..\src\graphics\opengl.h">
      <Filter>Source Files\graphics</Filter>
    </ClInclude>
    <ClInclude Include="..\src\graphics\primitives.h">
      <Filter>Source Files\graphics</Filter>
    </ClInclude>
    <ClInclude Include="..\src\graphics\shader.h">
      <Filter>Source Files\graphics</Filter>
    </ClInclude>
    <ClInclude Include="..\src\graphics\shaders.h">
      <Filter>Source Files\graphics</Filter>
    </ClInclude>
    <ClInclude Include="..\src\graphics\string2rgb.h">
      <Filter>Source Files\graphics</Filter>
    </ClInclude>
    <ClInclude Include="..\src\graphics\texturecoordinate.h">
      <Filter>Source Files\graphics</Filter>
    </ClInclude>
    <ClInclude Include="..\src\graphics\texturehandler.h">
      <Filter>Source Files\graphics</Filter>
    </ClInclude>
    <ClInclude Include="..\src\graphics\viewmessage.h">
      <Filter>Source Files\graphics</Filter>
    </ClInclude>
    <ClInclude Include="..\src\graphics\window.h">
      <Filter>Source Files\graphics</Filter>
    </ClInclude>
    <ClInclude Include="..\src\graphics\visualworld.h">
      <Filter>Source Files\graphics</Filter>
    </ClInclude>
    <ClInclude Include="..\src\graphics\frustum\frustumr.h">
      <Filter>Source Files\graphics\frustum</Filter>
    </ClInclude>
    <ClInclude Include="..\src\graphics\frustum\matrix4.h">
      <Filter>Source Files\graphics\frustum</Filter>
    </ClInclude>
    <ClInclude Include="..\src\graphics\frustum\plane.h">
      <Filter>Source Files\graphics\frustum</Filter>
    </ClInclude>
    <ClInclude Include="..\src\graphics\menus\menu.h">
      <Filter>Source Files\graphics\menus</Filter>
    </ClInclude>
    <ClInclude Include="..\src\graphics\menus\menubutton.h">
      <Filter>Source Files\graphics\menus</Filter>
    </ClInclude>
    <ClInclude Include="..\src\graphics\menus\menuTemplate.h">
      <Filter>Source Files\graphics\menus</Filter>
    </ClInclude>
    <ClInclude Include="..\src\graphics\models\animation.h">
      <Filter>Source Files\graphics\models</Filter>
    </ClInclude>
    <ClInclude Include="..\src\graphics\models\invisiblemodel.h">
      <Filter>Source Files\graphics\models</Filter>
    </ClInclude>
    <ClInclude Include="..\src\graphics\models\model.h">
      <Filter>Source Files\graphics\models</Filter>
    </ClInclude>
    <ClInclude Include="..\src\graphics\models\modelfactory.h">
      <Filter>Source Files\graphics\models</Filter>
    </ClInclude>
    <ClInclude Include="..\src\graphics\models\skeletalmodel.h">
      <Filter>Source Files\graphics\models</Filter>
    </ClInclude>
    <ClInclude Include="..\src\graphics\terrain\btt.h">
      <Filter>Source Files\graphics\terrain</Filter>
    </ClInclude>
    <ClInclude Include="..\src\graphics\terrain\grasscluster.h">
      <Filter>Source Files\graphics\terrain</Filter>
    </ClInclude>
    <ClInclude Include="..\src\graphics\terrain\leveldescriptor.h">
      <Filter>Source Files\graphics\terrain</Filter>
    </ClInclude>
    <ClInclude Include="..\src\graphics\terrain\roof_renderer.h">
      <Filter>Source Files\graphics\terrain</Filter>
    </ClInclude>
    <ClInclude Include="..\src\graphics\skybox\skybox.h">
      <Filter>Source Files\graphics\skybox</Filter>
    </ClInclude>
    <ClInclude Include="..\src\graphics\particles\particle.h">
      <Filter>Source Files\graphics\particles</Filter>
    </ClInclude>
    <ClInclude Include="..\src\graphics\particles\particle_source.h">
      <Filter>Source Files\graphics\particles</Filter>
    </ClInclude>
    <ClInclude Include="..\src\algorithms.h">
      <Filter>Source Files</Filter>
    </ClInclude>
    <ClInclude Include="..\src\gamesound.h">
      <Filter>Source Files</Filter>
    </ClInclude>
  </ItemGroup>
</Project>