<?xml version="1.0" encoding="utf-8"?>
<Project ToolsVersion="4.0" xmlns="http://schemas.microsoft.com/developer/msbuild/2003">
  <ItemGroup>
    <Filter Include="Source Files">
      <UniqueIdentifier>{4FC737F1-C7A5-4376-A066-2A32D752A2FF}</UniqueIdentifier>
      <Extensions>cpp;c;cc;cxx;def;odl;idl;hpj;bat;asm;asmx</Extensions>
    </Filter>
    <Filter Include="Resource Files">
      <UniqueIdentifier>{67DA6AB6-F800-4c08-8B7A-83BB121AAD01}</UniqueIdentifier>
      <Extensions>rc;ico;cur;bmp;dlg;rc2;rct;bin;rgs;gif;jpg;jpeg;jpe;resx;tiff;tif;png;wav;mfcribbon-ms</Extensions>
    </Filter>
    <Filter Include="shaders">
      <UniqueIdentifier>{22e97b6a-d27e-40ec-bdac-a23beb5d5d88}</UniqueIdentifier>
    </Filter>
    <Filter Include="Source Files\net">
      <UniqueIdentifier>{67df7f5e-7b99-46fd-be84-9ed0e01a17ed}</UniqueIdentifier>
    </Filter>
    <Filter Include="Source Files\main">
      <UniqueIdentifier>{1bd5afb9-cdf4-4a46-84d7-48799a9e451d}</UniqueIdentifier>
    </Filter>
    <Filter Include="Source Files\gamedata">
      <UniqueIdentifier>{c1dc50d8-6bd0-40b8-9239-ba49a0df498a}</UniqueIdentifier>
    </Filter>
    <Filter Include="Source Files\local_machine">
      <UniqueIdentifier>{2cd6c109-6521-40ae-a90e-5d02dffd70af}</UniqueIdentifier>
    </Filter>
    <Filter Include="Source Files\misc">
      <UniqueIdentifier>{2ce5f008-bc6c-4f99-97c2-bf13e295ccc2}</UniqueIdentifier>
    </Filter>
    <Filter Include="Source Files\physics">
      <UniqueIdentifier>{8538e9f5-9c92-466b-8522-bb949d0df9d9}</UniqueIdentifier>
    </Filter>
  </ItemGroup>
  <ItemGroup>
    <None Include="..\bin\shaders\blur.vertex">
      <Filter>shaders</Filter>
    </None>
    <None Include="..\bin\shaders\grass.vertex">
      <Filter>shaders</Filter>
    </None>
    <None Include="..\bin\shaders\level.vertex">
      <Filter>shaders</Filter>
    </None>
    <None Include="..\bin\shaders\particle.vertex">
      <Filter>shaders</Filter>
    </None>
    <None Include="..\bin\shaders\ssao.vertex">
      <Filter>shaders</Filter>
    </None>
    <None Include="..\bin\shaders\ssao_simple.vertex">
      <Filter>shaders</Filter>
    </None>
    <None Include="..\bin\shaders\unit.vertex">
      <Filter>shaders</Filter>
    </None>
    <None Include="..\bin\shaders\blur_horizontalpass.fragment">
      <Filter>shaders</Filter>
    </None>
    <None Include="..\bin\shaders\blur_verticalpass.fragment">
      <Filter>shaders</Filter>
    </None>
    <None Include="..\bin\shaders\debugdepth.fragment">
      <Filter>shaders</Filter>
    </None>
    <None Include="..\bin\shaders\grass.fragment">
      <Filter>shaders</Filter>
    </None>
    <None Include="..\bin\shaders\grass.geometry">
      <Filter>shaders</Filter>
    </None>
    <None Include="..\bin\shaders\level.fragment">
      <Filter>shaders</Filter>
    </None>
    <None Include="..\bin\shaders\level.geometry">
      <Filter>shaders</Filter>
    </None>
    <None Include="..\bin\shaders\particle.fragment">
      <Filter>shaders</Filter>
    </None>
    <None Include="..\bin\shaders\particle.geometry">
      <Filter>shaders</Filter>
    </None>
    <None Include="..\bin\shaders\ssao.fragment">
      <Filter>shaders</Filter>
    </None>
    <None Include="..\bin\shaders\ssao_simple.fragment">
      <Filter>shaders</Filter>
    </None>
    <None Include="..\bin\shaders\unit.fragment">
      <Filter>shaders</Filter>
    </None>
    <None Include="..\bin\graphics.conf">
      <Filter>Resource Files</Filter>
    </None>
    <None Include="..\bin\hud.conf">
      <Filter>Resource Files</Filter>
    </None>
    <None Include="..\bin\visualworld.conf">
      <Filter>Resource Files</Filter>
    </None>
    <None Include="..\bin\world.conf">
      <Filter>Resource Files</Filter>
    </None>
    <None Include="..\src\misc\messaging_system.icc">
      <Filter>Source Files\misc</Filter>
    </None>
    <None Include="..\src\misc\vec3.icc">
      <Filter>Source Files\misc</Filter>
    </None>
  </ItemGroup>
  <ItemGroup>
    <ClCompile Include="..\src\net\socket.cpp">
      <Filter>Source Files\net</Filter>
    </ClCompile>
    <ClCompile Include="..\src\net\socket_handler.cpp">
      <Filter>Source Files\net</Filter>
    </ClCompile>
    <ClCompile Include="..\src\main\main.cpp">
      <Filter>Source Files\main</Filter>
    </ClCompile>
    <ClCompile Include="..\src\local_machine\game.cpp">
      <Filter>Source Files\local_machine</Filter>
    </ClCompile>
    <ClCompile Include="..\src\local_machine\localplayer.cpp">
      <Filter>Source Files\local_machine</Filter>
    </ClCompile>
    <ClCompile Include="..\src\local_machine\networkmessage.cpp">
      <Filter>Source Files\local_machine</Filter>
    </ClCompile>
    <ClCompile Include="..\src\local_machine\userio.cpp">
      <Filter>Source Files\local_machine</Filter>
    </ClCompile>
    <ClCompile Include="..\src\misc\apomath.cpp">
      <Filter>Source Files\misc</Filter>
    </ClCompile>
    <ClCompile Include="..\src\misc\fixed_point.cpp">
      <Filter>Source Files\misc</Filter>
    </ClCompile>
    <ClCompile Include="..\src\misc\fps_manager.cpp">
      <Filter>Source Files\misc</Filter>
    </ClCompile>
    <ClCompile Include="..\src\misc\hasproperties.cpp">
      <Filter>Source Files\misc</Filter>
    </ClCompile>
    <ClCompile Include="..\src\misc\keymanager.cpp">
      <Filter>Source Files\misc</Filter>
    </ClCompile>
    <ClCompile Include="..\src\misc\logger.cpp">
      <Filter>Source Files\misc</Filter>
    </ClCompile>
    <ClCompile Include="..\src\misc\messaging_system.cpp">
      <Filter>Source Files\misc</Filter>
    </ClCompile>
    <ClCompile Include="..\src\misc\timer.cpp">
      <Filter>Source Files\misc</Filter>
    </ClCompile>
    <ClCompile Include="..\src\physics\collision.cpp">
      <Filter>Source Files\physics</Filter>
    </ClCompile>
    <ClCompile Include="..\src\physics\movable_object.cpp">
      <Filter>Source Files\physics</Filter>
    </ClCompile>
    <ClCompile Include="..\src\physics\octree.cpp">
      <Filter>Source Files\physics</Filter>
    </ClCompile>
    <ClCompile Include="..\src\physics\octree_object.cpp">
      <Filter>Source Files\physics</Filter>
    </ClCompile>
    <ClCompile Include="..\src\algorithms.cpp">
      <Filter>Source Files</Filter>
    </ClCompile>
    <ClCompile Include="..\src\gamesound.cpp">
      <Filter>Source Files</Filter>
    </ClCompile>
  </ItemGroup>
  <ItemGroup>
    <ClInclude Include="..\src\net\socket.h">
      <Filter>Source Files\net</Filter>
    </ClInclude>
    <ClInclude Include="..\src\net\socket_handler.h">
      <Filter>Source Files\net</Filter>
    </ClInclude>
    <ClInclude Include="..\src\game_data\character_info.h">
      <Filter>Source Files\gamedata</Filter>
    </ClInclude>
    <ClInclude Include="..\src\local_machine\game.h">
      <Filter>Source Files\local_machine</Filter>
    </ClInclude>
    <ClInclude Include="..\src\local_machine\localplayer.h">
      <Filter>Source Files\local_machine</Filter>
    </ClInclude>
    <ClInclude Include="..\src\local_machine\networkmessage.h">
      <Filter>Source Files\local_machine</Filter>
    </ClInclude>
    <ClInclude Include="..\src\local_machine\userio.h">
      <Filter>Source Files\local_machine</Filter>
    </ClInclude>
    <ClInclude Include="..\src\misc\apomath.h">
      <Filter>Source Files\misc</Filter>
    </ClInclude>
    <ClInclude Include="..\src\misc\fixed_point.h">
      <Filter>Source Files\misc</Filter>
    </ClInclude>
    <ClInclude Include="..\src\misc\fps_manager.h">
      <Filter>Source Files\misc</Filter>
    </ClInclude>
    <ClInclude Include="..\src\misc\hasproperties.h">
      <Filter>Source Files\misc</Filter>
    </ClInclude>
    <ClInclude Include="..\src\misc\idgenerator.h">
      <Filter>Source Files\misc</Filter>
    </ClInclude>
    <ClInclude Include="..\src\misc\keymanager.h">
      <Filter>Source Files\misc</Filter>
    </ClInclude>
    <ClInclude Include="..\src\misc\logger.h">
      <Filter>Source Files\misc</Filter>
    </ClInclude>
    <ClInclude Include="..\src\misc\messaging_system.h">
      <Filter>Source Files\misc</Filter>
    </ClInclude>
    <ClInclude Include="..\src\misc\timer.h">
      <Filter>Source Files\misc</Filter>
    </ClInclude>
    <ClInclude Include="..\src\misc\vec3.h">
      <Filter>Source Files\misc</Filter>
    </ClInclude>
    <ClInclude Include="..\src\physics\collision.h">
      <Filter>Source Files\physics</Filter>
    </ClInclude>
    <ClInclude Include="..\src\physics\movable_object.h">
      <Filter>Source Files\physics</Filter>
    </ClInclude>
    <ClInclude Include="..\src\physics\octree.h">
      <Filter>Source Files\physics</Filter>
    </ClInclude>
    <ClInclude Include="..\src\physics\octree_object.h">
      <Filter>Source Files\physics</Filter>
    </ClInclude>
    <ClInclude Include="..\src\algorithms.h">
      <Filter>Source Files</Filter>
    </ClInclude>
    <ClInclude Include="..\src\gamesound.h">
      <Filter>Source Files</Filter>
    </ClInclude>
  </ItemGroup>
</Project>