<?xml version="1.0" encoding="utf-8"?>
<Project ToolsVersion="4.0" xmlns="http://schemas.microsoft.com/developer/msbuild/2003">
  <ItemGroup>
    <Filter Include="Source Files">
      <UniqueIdentifier>{4FC737F1-C7A5-4376-A066-2A32D752A2FF}</UniqueIdentifier>
      <Extensions>cpp;c;cc;cxx;def;odl;idl;hpj;bat;asm;asmx</Extensions>
    </Filter>
    <Filter Include="Resource Files">
      <UniqueIdentifier>{67DA6AB6-F800-4c08-8B7A-83BB121AAD01}</UniqueIdentifier>
      <Extensions>rc;ico;cur;bmp;dlg;rc2;rct;bin;rgs;gif;jpg;jpeg;jpe;resx;tiff;tif;png;wav;mfcribbon-ms</Extensions>
    </Filter>
    <Filter Include="Source Files\dedicated">
      <UniqueIdentifier>{d39a5115-2a4e-4b1b-856c-e27a3b0fe816}</UniqueIdentifier>
    </Filter>
    <Filter Include="Source Files\graphics">
      <UniqueIdentifier>{0a3b5a42-6a4c-408a-ae12-53d4dd6d3a13}</UniqueIdentifier>
    </Filter>
    <Filter Include="Source Files\graphics\frustum">
      <UniqueIdentifier>{5b19b83b-1252-48bc-b5b3-fe52dd358159}</UniqueIdentifier>
    </Filter>
    <Filter Include="Source Files\gamedata">
      <UniqueIdentifier>{653dca8b-08c3-4758-a1f3-39bbb1dcd7b8}</UniqueIdentifier>
    </Filter>
    <Filter Include="Source Files\net">
      <UniqueIdentifier>{85ba3cc6-28cf-4755-bad8-beb10641a3e3}</UniqueIdentifier>
    </Filter>
    <Filter Include="Source Files\frustum">
      <UniqueIdentifier>{75b6d560-026f-416a-ae04-dfecab252798}</UniqueIdentifier>
    </Filter>
  </ItemGroup>
  <ItemGroup>
    <ClCompile Include="..\src\dedicated\dedicated.cpp">
      <Filter>Source Files\dedicated</Filter>
    </ClCompile>
    <ClCompile Include="..\src\dedicated\sign_in.cpp">
      <Filter>Source Files\dedicated</Filter>
    </ClCompile>
    <ClCompile Include="..\src\dedicated\main.cpp">
      <Filter>Source Files\dedicated</Filter>
    </ClCompile>
    <ClCompile Include="..\src\dedicated\messages.cpp">
      <Filter>Source Files\dedicated</Filter>
    </ClCompile>
    <ClCompile Include="..\src\graphics\animation.cpp">
      <Filter>Source Files\graphics</Filter>
    </ClCompile>
    <ClCompile Include="..\src\graphics\apomodel.cpp">
      <Filter>Source Files\graphics</Filter>
    </ClCompile>
    <ClCompile Include="..\src\graphics\btt.cpp">
      <Filter>Source Files\graphics</Filter>
    </ClCompile>
    <ClCompile Include="..\src\graphics\camera.cpp">
      <Filter>Source Files\graphics</Filter>
    </ClCompile>
    <ClCompile Include="..\src\graphics\font.cpp">
      <Filter>Source Files\graphics</Filter>
    </ClCompile>
    <ClCompile Include="..\src\graphics\framebuffer.cpp">
      <Filter>Source Files\graphics</Filter>
    </ClCompile>
    <ClCompile Include="..\src\graphics\graphics.cpp">
      <Filter>Source Files\graphics</Filter>
    </ClCompile>
    <ClCompile Include="..\src\graphics\graphics_helper.cpp">
      <Filter>Source Files\graphics</Filter>
    </ClCompile>
    <ClCompile Include="..\src\graphics\grasscluster.cpp">
      <Filter>Source Files\graphics</Filter>
    </ClCompile>
    <ClCompile Include="..\src\graphics\hud.cpp">
      <Filter>Source Files\graphics</Filter>
    </ClCompile>
    <ClCompile Include="..\src\graphics\image.cpp">
      <Filter>Source Files\graphics</Filter>
    </ClCompile>
    <ClCompile Include="..\src\graphics\invisiblemodel.cpp">
      <Filter>Source Files\graphics</Filter>
    </ClCompile>
    <ClCompile Include="..\src\graphics\leveldescriptor.cpp">
      <Filter>Source Files\graphics</Filter>
    </ClCompile>
    <ClCompile Include="..\src\graphics\lightsource.cpp">
      <Filter>Source Files\graphics</Filter>
    </ClCompile>
    <ClCompile Include="..\src\graphics\loadpng.cpp">
      <Filter>Source Files\graphics</Filter>
    </ClCompile>
    <ClCompile Include="..\src\graphics\menu.cpp">
      <Filter>Source Files\graphics</Filter>
    </ClCompile>
    <ClCompile Include="..\src\graphics\model.cpp">
      <Filter>Source Files\graphics</Filter>
    </ClCompile>
    <ClCompile Include="..\src\graphics\modelfactory.cpp">
      <Filter>Source Files\graphics</Filter>
    </ClCompile>
    <ClCompile Include="..\src\graphics\opengl.cpp">
      <Filter>Source Files\graphics</Filter>
    </ClCompile>
    <ClCompile Include="..\src\graphics\particle_source.cpp">
      <Filter>Source Files\graphics</Filter>
    </ClCompile>
    <ClCompile Include="..\src\graphics\shader.cpp">
      <Filter>Source Files\graphics</Filter>
    </ClCompile>
    <ClCompile Include="..\src\graphics\shaders.cpp">
      <Filter>Source Files\graphics</Filter>
    </ClCompile>
    <ClCompile Include="..\src\graphics\skeletalmodel.cpp">
      <Filter>Source Files\graphics</Filter>
    </ClCompile>
    <ClCompile Include="..\src\graphics\string2rgb.cpp">
      <Filter>Source Files\graphics</Filter>
    </ClCompile>
    <ClCompile Include="..\src\graphics\texturehandler.cpp">
      <Filter>Source Files\graphics</Filter>
    </ClCompile>
    <ClCompile Include="..\src\graphics\visualworld.cpp">
      <Filter>Source Files\graphics</Filter>
    </ClCompile>
    <ClCompile Include="..\src\graphics\window.cpp">
      <Filter>Source Files\graphics</Filter>
    </ClCompile>
    <ClCompile Include="..\src\graphics\frustum\frustumr.cpp">
      <Filter>Source Files\graphics\frustum</Filter>
    </ClCompile>
    <ClCompile Include="..\src\graphics\frustum\matrix4.cpp">
      <Filter>Source Files\graphics\frustum</Filter>
    </ClCompile>
    <ClCompile Include="..\src\graphics\frustum\plane.cpp">
      <Filter>Source Files\graphics\frustum</Filter>
    </ClCompile>
    <ClCompile Include="..\src\graphics\frustum\vec3.cpp">
      <Filter>Source Files\graphics\frustum</Filter>
    </ClCompile>
    <ClCompile Include="..\src\net\socket.cpp">
      <Filter>Source Files\net</Filter>
    </ClCompile>
    <ClCompile Include="..\src\net\socket_handler.cpp">
      <Filter>Source Files\net</Filter>
    </ClCompile>
    <ClCompile Include="..\src\graphics\basiccamera.cpp">
      <Filter>Source Files\graphics</Filter>
    </ClCompile>
    <ClCompile Include="..\src\algorithms.cpp">
      <Filter>Source Files</Filter>
    </ClCompile>
    <ClCompile Include="..\src\apomath.cpp">
      <Filter>Source Files</Filter>
    </ClCompile>
    <ClCompile Include="..\src\collision.cpp">
      <Filter>Source Files</Filter>
    </ClCompile>
    <ClCompile Include="..\src\fixed_point.cpp">
      <Filter>Source Files</Filter>
    </ClCompile>
    <ClCompile Include="..\src\fps_manager.cpp">
      <Filter>Source Files</Filter>
    </ClCompile>
    <ClCompile Include="..\src\game.cpp">
      <Filter>Source Files</Filter>
    </ClCompile>
    <ClCompile Include="..\src\hasproperties.cpp">
      <Filter>Source Files</Filter>
    </ClCompile>
    <ClCompile Include="..\src\keymanager.cpp">
      <Filter>Source Files</Filter>
    </ClCompile>
    <ClCompile Include="..\src\level.cpp">
      <Filter>Source Files</Filter>
    </ClCompile>
    <ClCompile Include="..\src\location.cpp">
      <Filter>Source Files</Filter>
    </ClCompile>
    <ClCompile Include="..\src\logger.cpp">
      <Filter>Source Files</Filter>
    </ClCompile>
    <ClCompile Include="..\src\movable_object.cpp">
      <Filter>Source Files</Filter>
    </ClCompile>
    <ClCompile Include="..\src\octree.cpp">
      <Filter>Source Files</Filter>
    </ClCompile>
    <ClCompile Include="..\src\octree_object.cpp">
      <Filter>Source Files</Filter>
    </ClCompile>
    <ClCompile Include="..\src\ordercontainer.cpp">
      <Filter>Source Files</Filter>
    </ClCompile>
    <ClCompile Include="..\src\playerinfo.cpp">
      <Filter>Source Files</Filter>
    </ClCompile>
    <ClCompile Include="..\src\projectile.cpp">
      <Filter>Source Files</Filter>
    </ClCompile>
    <ClCompile Include="..\src\random.cpp">
      <Filter>Source Files</Filter>
    </ClCompile>
    <ClCompile Include="..\src\unit.cpp">
      <Filter>Source Files</Filter>
    </ClCompile>
    <ClCompile Include="..\src\userio.cpp">
      <Filter>Source Files</Filter>
    </ClCompile>
    <ClCompile Include="..\src\weapon.cpp">
      <Filter>Source Files</Filter>
    </ClCompile>
    <ClCompile Include="..\src\world.cpp">
      <Filter>Source Files</Filter>
    </ClCompile>
    <ClCompile Include="..\src\world_item.cpp">
      <Filter>Source Files</Filter>
    </ClCompile>
  </ItemGroup>
  <ItemGroup>
    <ClInclude Include="..\src\dedicated\dedicated.h">
      <Filter>Source Files\dedicated</Filter>
    </ClInclude>
    <ClInclude Include="..\src\graphics\animation.h">
      <Filter>Source Files\graphics</Filter>
    </ClInclude>
    <ClInclude Include="..\src\graphics\apomodel.h">
      <Filter>Source Files\graphics</Filter>
    </ClInclude>
    <ClInclude Include="..\src\graphics\btt.h">
      <Filter>Source Files\graphics</Filter>
    </ClInclude>
    <ClInclude Include="..\src\graphics\camera.h">
      <Filter>Source Files\graphics</Filter>
    </ClInclude>
    <ClInclude Include="..\src\graphics\font.h">
      <Filter>Source Files\graphics</Filter>
    </ClInclude>
    <ClInclude Include="..\src\graphics\framebuffer.h">
      <Filter>Source Files\graphics</Filter>
    </ClInclude>
    <ClInclude Include="..\src\graphics\graphics.h">
      <Filter>Source Files\graphics</Filter>
    </ClInclude>
    <ClInclude Include="..\src\graphics\graphics_helper.h">
      <Filter>Source Files\graphics</Filter>
    </ClInclude>
    <ClInclude Include="..\src\graphics\grasscluster.h">
      <Filter>Source Files\graphics</Filter>
    </ClInclude>
    <ClInclude Include="..\src\graphics\hud.h">
      <Filter>Source Files\graphics</Filter>
    </ClInclude>
    <ClInclude Include="..\src\graphics\image.h">
      <Filter>Source Files\graphics</Filter>
    </ClInclude>
    <ClInclude Include="..\src\graphics\invisiblemodel.h">
      <Filter>Source Files\graphics</Filter>
    </ClInclude>
    <ClInclude Include="..\src\graphics\level_square_part_block.h">
      <Filter>Source Files\graphics</Filter>
    </ClInclude>
    <ClInclude Include="..\src\graphics\leveldescriptor.h">
      <Filter>Source Files\graphics</Filter>
    </ClInclude>
    <ClInclude Include="..\src\graphics\light_object.h">
      <Filter>Source Files\graphics</Filter>
    </ClInclude>
    <ClInclude Include="..\src\graphics\lightsource.h">
      <Filter>Source Files\graphics</Filter>
    </ClInclude>
    <ClInclude Include="..\src\graphics\menu.h">
      <Filter>Source Files\graphics</Filter>
    </ClInclude>
    <ClInclude Include="..\src\graphics\menubutton.h">
      <Filter>Source Files\graphics</Filter>
    </ClInclude>
    <ClInclude Include="..\src\graphics\model.h">
      <Filter>Source Files\graphics</Filter>
    </ClInclude>
    <ClInclude Include="..\src\graphics\modelfactory.h">
      <Filter>Source Files\graphics</Filter>
    </ClInclude>
    <ClInclude Include="..\src\graphics\opengl.h">
      <Filter>Source Files\graphics</Filter>
    </ClInclude>
    <ClInclude Include="..\src\graphics\particle.h">
      <Filter>Source Files\graphics</Filter>
    </ClInclude>
    <ClInclude Include="..\src\graphics\particle_source.h">
      <Filter>Source Files\graphics</Filter>
    </ClInclude>
    <ClInclude Include="..\src\graphics\primitives.h">
      <Filter>Source Files\graphics</Filter>
    </ClInclude>
    <ClInclude Include="..\src\graphics\shader.h">
      <Filter>Source Files\graphics</Filter>
    </ClInclude>
    <ClInclude Include="..\src\graphics\shaders.h">
      <Filter>Source Files\graphics</Filter>
    </ClInclude>
    <ClInclude Include="..\src\graphics\skeletalmodel.h">
      <Filter>Source Files\graphics</Filter>
    </ClInclude>
    <ClInclude Include="..\src\graphics\string2rgb.h">
      <Filter>Source Files\graphics</Filter>
    </ClInclude>
    <ClInclude Include="..\src\graphics\texturecoordinate.h">
      <Filter>Source Files\graphics</Filter>
    </ClInclude>
    <ClInclude Include="..\src\graphics\texturehandler.h">
      <Filter>Source Files\graphics</Filter>
    </ClInclude>
    <ClInclude Include="..\src\graphics\viewmessage.h">
      <Filter>Source Files\graphics</Filter>
    </ClInclude>
    <ClInclude Include="..\src\graphics\visualworld.h">
      <Filter>Source Files\graphics</Filter>
    </ClInclude>
    <ClInclude Include="..\src\graphics\window.h">
      <Filter>Source Files\graphics</Filter>
    </ClInclude>
    <ClInclude Include="..\src\graphics\frustum\frustumr.h">
      <Filter>Source Files\graphics\frustum</Filter>
    </ClInclude>
    <ClInclude Include="..\src\graphics\frustum\matrix4.h">
      <Filter>Source Files\graphics\frustum</Filter>
    </ClInclude>
    <ClInclude Include="..\src\graphics\frustum\plane.h">
      <Filter>Source Files\graphics\frustum</Filter>
    </ClInclude>
    <ClInclude Include="..\src\graphics\frustum\vec3.h">
      <Filter>Source Files\graphics\frustum</Filter>
    </ClInclude>
    <ClInclude Include="..\src\net\socket.h">
      <Filter>Source Files\net</Filter>
    </ClInclude>
    <ClInclude Include="..\src\net\socket_handler.h">
      <Filter>Source Files\net</Filter>
    </ClInclude>
    <ClInclude Include="..\src\graphics\basiccamera.h">
      <Filter>Source Files\graphics</Filter>
    </ClInclude>
    <ClInclude Include="..\src\worldevent.h">
      <Filter>Source Files</Filter>
    </ClInclude>
    <ClInclude Include="..\src\algorithms.h">
      <Filter>Source Files</Filter>
    </ClInclude>
    <ClInclude Include="..\src\apomath.h">
      <Filter>Source Files</Filter>
    </ClInclude>
    <ClInclude Include="..\src\collision.h">
      <Filter>Source Files</Filter>
    </ClInclude>
    <ClInclude Include="..\src\fixed_point.h">
      <Filter>Source Files</Filter>
    </ClInclude>
    <ClInclude Include="..\src\fps_manager.h">
      <Filter>Source Files</Filter>
    </ClInclude>
    <ClInclude Include="..\src\game.h">
      <Filter>Source Files</Filter>
    </ClInclude>
    <ClInclude Include="..\src\hasproperties.h">
      <Filter>Source Files</Filter>
    </ClInclude>
    <ClInclude Include="..\src\idgenerator.h">
      <Filter>Source Files</Filter>
    </ClInclude>
    <ClInclude Include="..\src\item.h">
      <Filter>Source Files</Filter>
    </ClInclude>
    <ClInclude Include="..\src\keymanager.h">
      <Filter>Source Files</Filter>
    </ClInclude>
    <ClInclude Include="..\src\level.h">
      <Filter>Source Files</Filter>
    </ClInclude>
    <ClInclude Include="..\src\location.h">
      <Filter>Source Files</Filter>
    </ClInclude>
    <ClInclude Include="..\src\logger.h">
      <Filter>Source Files</Filter>
    </ClInclude>
    <ClInclude Include="..\src\movable_object.h">
      <Filter>Source Files</Filter>
    </ClInclude>
    <ClInclude Include="..\src\octree.h">
      <Filter>Source Files</Filter>
    </ClInclude>
    <ClInclude Include="..\src\octree_object.h">
      <Filter>Source Files</Filter>
    </ClInclude>
    <ClInclude Include="..\src\order.h">
      <Filter>Source Files</Filter>
    </ClInclude>
    <ClInclude Include="..\src\ordercontainer.h">
      <Filter>Source Files</Filter>
    </ClInclude>
    <ClInclude Include="..\src\playerinfo.h">
      <Filter>Source Files</Filter>
    </ClInclude>
    <ClInclude Include="..\src\projectile.h">
      <Filter>Source Files</Filter>
    </ClInclude>
    <ClInclude Include="..\src\random.h">
      <Filter>Source Files</Filter>
    </ClInclude>
    <ClInclude Include="..\src\stringsystem.h">
      <Filter>Source Files</Filter>
    </ClInclude>
    <ClInclude Include="..\src\unit.h">
      <Filter>Source Files</Filter>
    </ClInclude>
    <ClInclude Include="..\src\userio.h">
      <Filter>Source Files</Filter>
    </ClInclude>
    <ClInclude Include="..\src\weapon.h">
      <Filter>Source Files</Filter>
    </ClInclude>
    <ClInclude Include="..\src\world.h">
      <Filter>Source Files</Filter>
    </ClInclude>
    <ClInclude Include="..\src\world_item.h">
      <Filter>Source Files</Filter>
    </ClInclude>
    <ClInclude Include="..\src\game_data\character_info.h">
      <Filter>Source Files\gamedata</Filter>
    </ClInclude>
  </ItemGroup>
</Project>