<?xml version="1.0" encoding="utf-8"?>
<Project ToolsVersion="4.0" xmlns="http://schemas.microsoft.com/developer/msbuild/2003">
  <ItemGroup>
    <Filter Include="Source Files">
      <UniqueIdentifier>{4FC737F1-C7A5-4376-A066-2A32D752A2FF}</UniqueIdentifier>
      <Extensions>cpp;c;cc;cxx;def;odl;idl;hpj;bat;asm;asmx</Extensions>
    </Filter>
    <Filter Include="Resource Files">
      <UniqueIdentifier>{67DA6AB6-F800-4c08-8B7A-83BB121AAD01}</UniqueIdentifier>
      <Extensions>rc;ico;cur;bmp;dlg;rc2;rct;bin;rgs;gif;jpg;jpeg;jpe;resx;tiff;tif;png;wav;mfcribbon-ms</Extensions>
    </Filter>
  </ItemGroup>
  <ItemGroup>
    <ClCompile Include="..\src\dedicated\dedicated.cpp">
      <Filter>Source Files</Filter>
    </ClCompile>
    <ClCompile Include="..\src\dedicated\main.cpp">
      <Filter>Source Files</Filter>
    </ClCompile>
    <ClCompile Include="..\src\dedicated\messages.cpp">
      <Filter>Source Files</Filter>
    </ClCompile>
    <ClCompile Include="..\src\dedicated\sign_in.cpp">
      <Filter>Source Files</Filter>
    </ClCompile>
    <ClCompile Include="..\src\net\socket.cpp">
      <Filter>Source Files</Filter>
    </ClCompile>
    <ClCompile Include="..\src\net\socket_handler.cpp">
      <Filter>Source Files</Filter>
    </ClCompile>
    <ClCompile Include="..\src\invisiblemodel.cpp">
      <Filter>Source Files</Filter>
    </ClCompile>
    <ClCompile Include="..\src\level.cpp">
      <Filter>Source Files</Filter>
    </ClCompile>
    <ClCompile Include="..\src\lightsource.cpp">
      <Filter>Source Files</Filter>
    </ClCompile>
    <ClCompile Include="..\src\location.cpp">
      <Filter>Source Files</Filter>
    </ClCompile>
    <ClCompile Include="..\src\logger.cpp">
      <Filter>Source Files</Filter>
    </ClCompile>
    <ClCompile Include="..\src\model.cpp">
      <Filter>Source Files</Filter>
    </ClCompile>
    <ClCompile Include="..\src\modelfactory.cpp">
      <Filter>Source Files</Filter>
    </ClCompile>
    <ClCompile Include="..\src\movable_object.cpp">
      <Filter>Source Files</Filter>
    </ClCompile>
    <ClCompile Include="..\src\octree.cpp">
      <Filter>Source Files</Filter>
    </ClCompile>
    <ClCompile Include="..\src\octree_object.cpp">
      <Filter>Source Files</Filter>
    </ClCompile>
    <ClCompile Include="..\src\ordercontainer.cpp">
      <Filter>Source Files</Filter>
    </ClCompile>
    <ClCompile Include="..\src\particle_source.cpp">
      <Filter>Source Files</Filter>
    </ClCompile>
    <ClCompile Include="..\src\playerinfo.cpp">
      <Filter>Source Files</Filter>
    </ClCompile>
    <ClCompile Include="..\src\projectile.cpp">
      <Filter>Source Files</Filter>
    </ClCompile>
    <ClCompile Include="..\src\random.cpp">
      <Filter>Source Files</Filter>
    </ClCompile>
    <ClCompile Include="..\src\string2rgb.cpp">
      <Filter>Source Files</Filter>
    </ClCompile>
    <ClCompile Include="..\src\unit.cpp">
      <Filter>Source Files</Filter>
    </ClCompile>
    <ClCompile Include="..\src\visualworld.cpp">
      <Filter>Source Files</Filter>
    </ClCompile>
    <ClCompile Include="..\src\weapon.cpp">
      <Filter>Source Files</Filter>
    </ClCompile>
    <ClCompile Include="..\src\world.cpp">
      <Filter>Source Files</Filter>
    </ClCompile>
    <ClCompile Include="..\src\algorithms.cpp">
      <Filter>Source Files</Filter>
    </ClCompile>
    <ClCompile Include="..\src\animation.cpp">
      <Filter>Source Files</Filter>
    </ClCompile>
    <ClCompile Include="..\src\apomath.cpp">
      <Filter>Source Files</Filter>
    </ClCompile>
    <ClCompile Include="..\src\apomodel.cpp">
      <Filter>Source Files</Filter>
    </ClCompile>
    <ClCompile Include="..\src\btt.cpp">
      <Filter>Source Files</Filter>
    </ClCompile>
    <ClCompile Include="..\src\camera.cpp">
      <Filter>Source Files</Filter>
    </ClCompile>
    <ClCompile Include="..\src\collision.cpp">
      <Filter>Source Files</Filter>
    </ClCompile>
    <ClCompile Include="..\src\fixed_point.cpp">
      <Filter>Source Files</Filter>
    </ClCompile>
    <ClCompile Include="..\src\font.cpp">
      <Filter>Source Files</Filter>
    </ClCompile>
    <ClCompile Include="..\src\fps_manager.cpp">
      <Filter>Source Files</Filter>
    </ClCompile>
    <ClCompile Include="..\src\game.cpp">
      <Filter>Source Files</Filter>
    </ClCompile>
    <ClCompile Include="..\src\gamesound.cpp">
      <Filter>Source Files</Filter>
    </ClCompile>
    <ClCompile Include="..\src\graphics.cpp">
      <Filter>Source Files</Filter>
    </ClCompile>
    <ClCompile Include="..\src\grasscluster.cpp">
      <Filter>Source Files</Filter>
    </ClCompile>
    <ClCompile Include="..\src\hud.cpp">
      <Filter>Source Files</Filter>
    </ClCompile>
    <ClCompile Include="..\src\image.cpp">
      <Filter>Source Files</Filter>
    </ClCompile>
    <ClCompile Include="..\src\keymanager.cpp">
      <Filter>Source Files</Filter>
    </ClCompile>
    <ClCompile Include="..\src\loadpng.cpp">
      <Filter>Source Files</Filter>
    </ClCompile>
    <ClCompile Include="..\src\localplayer.cpp">
      <Filter>Source Files</Filter>
    </ClCompile>
    <ClCompile Include="..\src\medikit.cpp">
      <Filter>Source Files</Filter>
    </ClCompile>
    <ClCompile Include="..\src\shader.cpp">
      <Filter>Source Files</Filter>
    </ClCompile>
    <ClCompile Include="..\src\shaders.cpp">
      <Filter>Source Files</Filter>
    </ClCompile>
    <ClCompile Include="..\src\skeletalmodel.cpp">
      <Filter>Source Files</Filter>
    </ClCompile>
    <ClCompile Include="..\src\texturehandler.cpp">
      <Filter>Source Files</Filter>
    </ClCompile>
    <ClCompile Include="..\src\userio.cpp">
      <Filter>Source Files</Filter>
    </ClCompile>
    <ClCompile Include="..\src\window.cpp">
      <Filter>Source Files</Filter>
    </ClCompile>
    <ClCompile Include="..\src\frustum\frustumr.cpp">
      <Filter>Source Files</Filter>
    </ClCompile>
    <ClCompile Include="..\src\frustum\matrix4.cpp">
      <Filter>Source Files</Filter>
    </ClCompile>
    <ClCompile Include="..\src\frustum\plane.cpp">
      <Filter>Source Files</Filter>
    </ClCompile>
    <ClCompile Include="..\src\frustum\vec3.cpp">
      <Filter>Source Files</Filter>
    </ClCompile>
  </ItemGroup>
  <ItemGroup>
    <ClInclude Include="..\src\dedicated\dedicated.h">
      <Filter>Source Files</Filter>
    </ClInclude>
    <ClInclude Include="..\src\net\socket.h">
      <Filter>Source Files</Filter>
    </ClInclude>
    <ClInclude Include="..\src\net\socket_handler.h">
      <Filter>Source Files</Filter>
    </ClInclude>
    <ClInclude Include="..\src\hasproperties.h">
      <Filter>Source Files</Filter>
    </ClInclude>
    <ClInclude Include="..\src\invisiblemodel.h">
      <Filter>Source Files</Filter>
    </ClInclude>
    <ClInclude Include="..\src\item.h">
      <Filter>Source Files</Filter>
    </ClInclude>
    <ClInclude Include="..\src\level.h">
      <Filter>Source Files</Filter>
    </ClInclude>
    <ClInclude Include="..\src\light_object.h">
      <Filter>Source Files</Filter>
    </ClInclude>
    <ClInclude Include="..\src\lightsource.h">
      <Filter>Source Files</Filter>
    </ClInclude>
    <ClInclude Include="..\src\location.h">
      <Filter>Source Files</Filter>
    </ClInclude>
    <ClInclude Include="..\src\logger.h">
      <Filter>Source Files</Filter>
    </ClInclude>
    <ClInclude Include="..\src\model.h">
      <Filter>Source Files</Filter>
    </ClInclude>
    <ClInclude Include="..\src\modelfactory.h">
      <Filter>Source Files</Filter>
    </ClInclude>
    <ClInclude Include="..\src\movable_object.h">
      <Filter>Source Files</Filter>
    </ClInclude>
    <ClInclude Include="..\src\octree.h">
      <Filter>Source Files</Filter>
    </ClInclude>
    <ClInclude Include="..\src\octree_object.h">
      <Filter>Source Files</Filter>
    </ClInclude>
    <ClInclude Include="..\src\order.h">
      <Filter>Source Files</Filter>
    </ClInclude>
    <ClInclude Include="..\src\ordercontainer.h">
      <Filter>Source Files</Filter>
    </ClInclude>
    <ClInclude Include="..\src\particle.h">
      <Filter>Source Files</Filter>
    </ClInclude>
    <ClInclude Include="..\src\particle_source.h">
      <Filter>Source Files</Filter>
    </ClInclude>
    <ClInclude Include="..\src\playerinfo.h">
      <Filter>Source Files</Filter>
    </ClInclude>
    <ClInclude Include="..\src\projectile.h">
      <Filter>Source Files</Filter>
    </ClInclude>
    <ClInclude Include="..\src\random.h">
      <Filter>Source Files</Filter>
    </ClInclude>
    <ClInclude Include="..\src\string2rgb.h">
      <Filter>Source Files</Filter>
    </ClInclude>
    <ClInclude Include="..\src\stringsystem.h">
      <Filter>Source Files</Filter>
    </ClInclude>
    <ClInclude Include="..\src\texturecoordinate.h">
      <Filter>Source Files</Filter>
    </ClInclude>
    <ClInclude Include="..\src\unit.h">
      <Filter>Source Files</Filter>
    </ClInclude>
    <ClInclude Include="..\src\viewmessage.h">
      <Filter>Source Files</Filter>
    </ClInclude>
    <ClInclude Include="..\src\visualworld.h">
      <Filter>Source Files</Filter>
    </ClInclude>
    <ClInclude Include="..\src\weapon.h">
      <Filter>Source Files</Filter>
    </ClInclude>
    <ClInclude Include="..\src\world.h">
      <Filter>Source Files</Filter>
    </ClInclude>
    <ClInclude Include="..\src\worldevent.h">
      <Filter>Source Files</Filter>
    </ClInclude>
    <ClInclude Include="..\src\algorithms.h">
      <Filter>Source Files</Filter>
    </ClInclude>
    <ClInclude Include="..\src\animation.h">
      <Filter>Source Files</Filter>
    </ClInclude>
    <ClInclude Include="..\src\apomath.h">
      <Filter>Source Files</Filter>
    </ClInclude>
    <ClInclude Include="..\src\apomodel.h">
      <Filter>Source Files</Filter>
    </ClInclude>
    <ClInclude Include="..\src\btt.h">
      <Filter>Source Files</Filter>
    </ClInclude>
    <ClInclude Include="..\src\camera.h">
      <Filter>Source Files</Filter>
    </ClInclude>
    <ClInclude Include="..\src\collision.h">
      <Filter>Source Files</Filter>
    </ClInclude>
    <ClInclude Include="..\src\fixed_point.h">
      <Filter>Source Files</Filter>
    </ClInclude>
    <ClInclude Include="..\src\font.h">
      <Filter>Source Files</Filter>
    </ClInclude>
    <ClInclude Include="..\src\fps_manager.h">
      <Filter>Source Files</Filter>
    </ClInclude>
    <ClInclude Include="..\src\game.h">
      <Filter>Source Files</Filter>
    </ClInclude>
    <ClInclude Include="..\src\gamesound.h">
      <Filter>Source Files</Filter>
    </ClInclude>
    <ClInclude Include="..\src\graphics.h">
      <Filter>Source Files</Filter>
    </ClInclude>
    <ClInclude Include="..\src\grasscluster.h">
      <Filter>Source Files</Filter>
    </ClInclude>
    <ClInclude Include="..\src\hud.h">
      <Filter>Source Files</Filter>
    </ClInclude>
    <ClInclude Include="..\src\image.h">
      <Filter>Source Files</Filter>
    </ClInclude>
    <ClInclude Include="..\src\keymanager.h">
      <Filter>Source Files</Filter>
    </ClInclude>
    <ClInclude Include="..\src\localplayer.h">
      <Filter>Source Files</Filter>
    </ClInclude>
    <ClInclude Include="..\src\medikit.h">
      <Filter>Source Files</Filter>
    </ClInclude>
    <ClInclude Include="..\src\menu.h">
      <Filter>Source Files</Filter>
    </ClInclude>
    <ClInclude Include="..\src\menubutton.h">
      <Filter>Source Files</Filter>
    </ClInclude>
    <ClInclude Include="..\src\primitives.h">
      <Filter>Source Files</Filter>
    </ClInclude>
    <ClInclude Include="..\src\shader.h">
      <Filter>Source Files</Filter>
    </ClInclude>
    <ClInclude Include="..\src\shaders.h">
      <Filter>Source Files</Filter>
    </ClInclude>
    <ClInclude Include="..\src\skeletalmodel.h">
      <Filter>Source Files</Filter>
    </ClInclude>
    <ClInclude Include="..\src\texturehandler.h">
      <Filter>Source Files</Filter>
    </ClInclude>
    <ClInclude Include="..\src\userio.h">
      <Filter>Source Files</Filter>
    </ClInclude>
    <ClInclude Include="..\src\window.h">
      <Filter>Source Files</Filter>
    </ClInclude>
    <ClInclude Include="..\src\frustum\frustumr.h">
      <Filter>Source Files</Filter>
    </ClInclude>
    <ClInclude Include="..\src\frustum\matrix4.h">
      <Filter>Source Files</Filter>
    </ClInclude>
    <ClInclude Include="..\src\frustum\plane.h">
      <Filter>Source Files</Filter>
    </ClInclude>
    <ClInclude Include="..\src\frustum\vec3.h">
      <Filter>Source Files</Filter>
    </ClInclude>
  </ItemGroup>
</Project>