<?xml version="1.0" encoding="utf-8"?>
<Project ToolsVersion="4.0" xmlns="http://schemas.microsoft.com/developer/msbuild/2003">
  <ItemGroup>
    <Filter Include="Source Files">
      <UniqueIdentifier>{4FC737F1-C7A5-4376-A066-2A32D752A2FF}</UniqueIdentifier>
      <Extensions>cpp;c;cc;cxx;def;odl;idl;hpj;bat;asm;asmx</Extensions>
    </Filter>
    <Filter Include="Resource Files">
      <UniqueIdentifier>{67DA6AB6-F800-4c08-8B7A-83BB121AAD01}</UniqueIdentifier>
      <Extensions>rc;ico;cur;bmp;dlg;rc2;rct;bin;rgs;gif;jpg;jpeg;jpe;resx;tiff;tif;png;wav;mfcribbon-ms</Extensions>
    </Filter>
    <Filter Include="Source Files\dedicated">
      <UniqueIdentifier>{d39a5115-2a4e-4b1b-856c-e27a3b0fe816}</UniqueIdentifier>
    </Filter>
    <Filter Include="Source Files\graphics">
      <UniqueIdentifier>{0a3b5a42-6a4c-408a-ae12-53d4dd6d3a13}</UniqueIdentifier>
    </Filter>
    <Filter Include="Source Files\graphics\frustum">
      <UniqueIdentifier>{5b19b83b-1252-48bc-b5b3-fe52dd358159}</UniqueIdentifier>
    </Filter>
    <Filter Include="Source Files\gamedata">
      <UniqueIdentifier>{653dca8b-08c3-4758-a1f3-39bbb1dcd7b8}</UniqueIdentifier>
    </Filter>
    <Filter Include="Source Files\net">
      <UniqueIdentifier>{85ba3cc6-28cf-4755-bad8-beb10641a3e3}</UniqueIdentifier>
    </Filter>
    <Filter Include="Source Files\frustum">
      <UniqueIdentifier>{75b6d560-026f-416a-ae04-dfecab252798}</UniqueIdentifier>
    </Filter>
    <Filter Include="Source Files\world">
      <UniqueIdentifier>{ab836322-0978-487d-8aac-7513f16be791}</UniqueIdentifier>
    </Filter>
    <Filter Include="Source Files\physics">
      <UniqueIdentifier>{2c9af028-6f7e-4a66-9908-89f208ff932a}</UniqueIdentifier>
    </Filter>
    <Filter Include="Source Files\misc">
      <UniqueIdentifier>{ac2a5323-f196-447f-8537-53b958cfe8a9}</UniqueIdentifier>
    </Filter>
    <Filter Include="Source Files\local_machine">
      <UniqueIdentifier>{6c536428-f8fa-4a58-a854-828b30215399}</UniqueIdentifier>
    </Filter>
  </ItemGroup>
  <ItemGroup>
    <ClCompile Include="..\src\dedicated\dedicated.cpp">
      <Filter>Source Files\dedicated</Filter>
    </ClCompile>
    <ClCompile Include="..\src\dedicated\sign_in.cpp">
      <Filter>Source Files\dedicated</Filter>
    </ClCompile>
    <ClCompile Include="..\src\dedicated\main.cpp">
      <Filter>Source Files\dedicated</Filter>
    </ClCompile>
    <ClCompile Include="..\src\dedicated\messages.cpp">
      <Filter>Source Files\dedicated</Filter>
    </ClCompile>
    <ClCompile Include="..\src\graphics\animation.cpp">
      <Filter>Source Files\graphics</Filter>
    </ClCompile>
    <ClCompile Include="..\src\graphics\btt.cpp">
      <Filter>Source Files\graphics</Filter>
    </ClCompile>
    <ClCompile Include="..\src\graphics\camera.cpp">
      <Filter>Source Files\graphics</Filter>
    </ClCompile>
    <ClCompile Include="..\src\graphics\font.cpp">
      <Filter>Source Files\graphics</Filter>
    </ClCompile>
    <ClCompile Include="..\src\graphics\framebuffer.cpp">
      <Filter>Source Files\graphics</Filter>
    </ClCompile>
    <ClCompile Include="..\src\graphics\graphics.cpp">
      <Filter>Source Files\graphics</Filter>
    </ClCompile>
    <ClCompile Include="..\src\graphics\graphics_helper.cpp">
      <Filter>Source Files\graphics</Filter>
    </ClCompile>
    <ClCompile Include="..\src\graphics\grasscluster.cpp">
      <Filter>Source Files\graphics</Filter>
    </ClCompile>
    <ClCompile Include="..\src\graphics\hud.cpp">
      <Filter>Source Files\graphics</Filter>
    </ClCompile>
    <ClCompile Include="..\src\graphics\image.cpp">
      <Filter>Source Files\graphics</Filter>
    </ClCompile>
    <ClCompile Include="..\src\graphics\invisiblemodel.cpp">
      <Filter>Source Files\graphics</Filter>
    </ClCompile>
    <ClCompile Include="..\src\graphics\leveldescriptor.cpp">
      <Filter>Source Files\graphics</Filter>
    </ClCompile>
    <ClCompile Include="..\src\graphics\lightsource.cpp">
      <Filter>Source Files\graphics</Filter>
    </ClCompile>
    <ClCompile Include="..\src\graphics\loadpng.cpp">
      <Filter>Source Files\graphics</Filter>
    </ClCompile>
    <ClCompile Include="..\src\graphics\menu.cpp">
      <Filter>Source Files\graphics</Filter>
    </ClCompile>
    <ClCompile Include="..\src\graphics\model.cpp">
      <Filter>Source Files\graphics</Filter>
    </ClCompile>
    <ClCompile Include="..\src\graphics\modelfactory.cpp">
      <Filter>Source Files\graphics</Filter>
    </ClCompile>
    <ClCompile Include="..\src\graphics\opengl.cpp">
      <Filter>Source Files\graphics</Filter>
    </ClCompile>
    <ClCompile Include="..\src\graphics\particle_source.cpp">
      <Filter>Source Files\graphics</Filter>
    </ClCompile>
    <ClCompile Include="..\src\graphics\shader.cpp">
      <Filter>Source Files\graphics</Filter>
    </ClCompile>
    <ClCompile Include="..\src\graphics\shaders.cpp">
      <Filter>Source Files\graphics</Filter>
    </ClCompile>
    <ClCompile Include="..\src\graphics\skeletalmodel.cpp">
      <Filter>Source Files\graphics</Filter>
    </ClCompile>
    <ClCompile Include="..\src\graphics\string2rgb.cpp">
      <Filter>Source Files\graphics</Filter>
    </ClCompile>
    <ClCompile Include="..\src\graphics\texturehandler.cpp">
      <Filter>Source Files\graphics</Filter>
    </ClCompile>
    <ClCompile Include="..\src\graphics\visualworld.cpp">
      <Filter>Source Files\graphics</Filter>
    </ClCompile>
    <ClCompile Include="..\src\graphics\window.cpp">
      <Filter>Source Files\graphics</Filter>
    </ClCompile>
    <ClCompile Include="..\src\graphics\frustum\frustumr.cpp">
      <Filter>Source Files\graphics\frustum</Filter>
    </ClCompile>
    <ClCompile Include="..\src\graphics\frustum\matrix4.cpp">
      <Filter>Source Files\graphics\frustum</Filter>
    </ClCompile>
    <ClCompile Include="..\src\graphics\frustum\plane.cpp">
      <Filter>Source Files\graphics\frustum</Filter>
    </ClCompile>
    <ClCompile Include="..\src\net\socket.cpp">
      <Filter>Source Files\net</Filter>
    </ClCompile>
    <ClCompile Include="..\src\net\socket_handler.cpp">
      <Filter>Source Files\net</Filter>
    </ClCompile>
    <ClCompile Include="..\src\graphics\basiccamera.cpp">
      <Filter>Source Files\graphics</Filter>
    </ClCompile>
    <ClCompile Include="..\src\graphics\graphics_debug.cpp">
      <Filter>Source Files\graphics</Filter>
    </ClCompile>
    <ClCompile Include="..\src\world\ai_behaviours.cpp">
      <Filter>Source Files\world</Filter>
    </ClCompile>
    <ClCompile Include="..\src\world\level.cpp">
      <Filter>Source Files\world</Filter>
    </ClCompile>
    <ClCompile Include="..\src\world\ordercontainer.cpp">
      <Filter>Source Files\world</Filter>
    </ClCompile>
    <ClCompile Include="..\src\world\playerinfo.cpp">
      <Filter>Source Files\world</Filter>
    </ClCompile>
    <ClCompile Include="..\src\world\projectile.cpp">
      <Filter>Source Files\world</Filter>
    </ClCompile>
    <ClCompile Include="..\src\world\random.cpp">
      <Filter>Source Files\world</Filter>
    </ClCompile>
    <ClCompile Include="..\src\world\unit.cpp">
      <Filter>Source Files\world</Filter>
    </ClCompile>
    <ClCompile Include="..\src\world\weapon.cpp">
      <Filter>Source Files\world</Filter>
    </ClCompile>
    <ClCompile Include="..\src\world\world.cpp">
      <Filter>Source Files\world</Filter>
    </ClCompile>
    <ClCompile Include="..\src\world\world_item.cpp">
      <Filter>Source Files\world</Filter>
    </ClCompile>
    <ClCompile Include="..\src\physics\collision.cpp">
      <Filter>Source Files\physics</Filter>
    </ClCompile>
    <ClCompile Include="..\src\physics\movable_object.cpp">
      <Filter>Source Files\physics</Filter>
    </ClCompile>
    <ClCompile Include="..\src\physics\octree.cpp">
      <Filter>Source Files\physics</Filter>
    </ClCompile>
    <ClCompile Include="..\src\physics\octree_object.cpp">
      <Filter>Source Files\physics</Filter>
    </ClCompile>
    <ClCompile Include="..\src\misc\apomath.cpp">
      <Filter>Source Files\misc</Filter>
    </ClCompile>
    <ClCompile Include="..\src\misc\fixed_point.cpp">
      <Filter>Source Files\misc</Filter>
    </ClCompile>
    <ClCompile Include="..\src\misc\fps_manager.cpp">
      <Filter>Source Files\misc</Filter>
    </ClCompile>
    <ClCompile Include="..\src\misc\hasproperties.cpp">
      <Filter>Source Files\misc</Filter>
    </ClCompile>
    <ClCompile Include="..\src\misc\keymanager.cpp">
      <Filter>Source Files\misc</Filter>
    </ClCompile>
    <ClCompile Include="..\src\misc\logger.cpp">
      <Filter>Source Files\misc</Filter>
    </ClCompile>
    <ClCompile Include="..\src\misc\messaging_system.cpp">
      <Filter>Source Files\misc</Filter>
    </ClCompile>
    <ClCompile Include="..\src\misc\timer.cpp">
      <Filter>Source Files\misc</Filter>
    </ClCompile>
    <ClCompile Include="..\src\local_machine\networkmessage.cpp">
      <Filter>Source Files\local_machine</Filter>
    </ClCompile>
    <ClCompile Include="..\src\algorithms.cpp">
      <Filter>Source Files</Filter>
    </ClCompile>
    <ClCompile Include="..\src\dedicated\handle_messages.cpp">
      <Filter>Source Files\dedicated</Filter>
    </ClCompile>
    <ClCompile Include="..\src\local_machine\game.cpp">
      <Filter>Source Files\local_machine</Filter>
    </ClCompile>
    <ClCompile Include="..\src\local_machine\localplayer.cpp">
      <Filter>Source Files\local_machine</Filter>
    </ClCompile>
    <ClCompile Include="..\src\local_machine\userio.cpp">
      <Filter>Source Files\local_machine</Filter>
    </ClCompile>
    <ClCompile Include="..\src\gamesound.cpp">
      <Filter>Source Files</Filter>
    </ClCompile>
  </ItemGroup>
  <ItemGroup>
    <ClInclude Include="..\src\dedicated\dedicated.h">
      <Filter>Source Files\dedicated</Filter>
    </ClInclude>
    <ClInclude Include="..\src\graphics\animation.h">
      <Filter>Source Files\graphics</Filter>
    </ClInclude>
    <ClInclude Include="..\src\graphics\btt.h">
      <Filter>Source Files\graphics</Filter>
    </ClInclude>
    <ClInclude Include="..\src\graphics\camera.h">
      <Filter>Source Files\graphics</Filter>
    </ClInclude>
    <ClInclude Include="..\src\graphics\font.h">
      <Filter>Source Files\graphics</Filter>
    </ClInclude>
    <ClInclude Include="..\src\graphics\framebuffer.h">
      <Filter>Source Files\graphics</Filter>
    </ClInclude>
    <ClInclude Include="..\src\graphics\graphics.h">
      <Filter>Source Files\graphics</Filter>
    </ClInclude>
    <ClInclude Include="..\src\graphics\graphics_helper.h">
      <Filter>Source Files\graphics</Filter>
    </ClInclude>
    <ClInclude Include="..\src\graphics\grasscluster.h">
      <Filter>Source Files\graphics</Filter>
    </ClInclude>
    <ClInclude Include="..\src\graphics\hud.h">
      <Filter>Source Files\graphics</Filter>
    </ClInclude>
    <ClInclude Include="..\src\graphics\image.h">
      <Filter>Source Files\graphics</Filter>
    </ClInclude>
    <ClInclude Include="..\src\graphics\invisiblemodel.h">
      <Filter>Source Files\graphics</Filter>
    </ClInclude>
    <ClInclude Include="..\src\graphics\level_square_part_block.h">
      <Filter>Source Files\graphics</Filter>
    </ClInclude>
    <ClInclude Include="..\src\graphics\leveldescriptor.h">
      <Filter>Source Files\graphics</Filter>
    </ClInclude>
    <ClInclude Include="..\src\graphics\light_object.h">
      <Filter>Source Files\graphics</Filter>
    </ClInclude>
    <ClInclude Include="..\src\graphics\lightsource.h">
      <Filter>Source Files\graphics</Filter>
    </ClInclude>
    <ClInclude Include="..\src\graphics\menu.h">
      <Filter>Source Files\graphics</Filter>
    </ClInclude>
    <ClInclude Include="..\src\graphics\menubutton.h">
      <Filter>Source Files\graphics</Filter>
    </ClInclude>
    <ClInclude Include="..\src\graphics\model.h">
      <Filter>Source Files\graphics</Filter>
    </ClInclude>
    <ClInclude Include="..\src\graphics\modelfactory.h">
      <Filter>Source Files\graphics</Filter>
    </ClInclude>
    <ClInclude Include="..\src\graphics\opengl.h">
      <Filter>Source Files\graphics</Filter>
    </ClInclude>
    <ClInclude Include="..\src\graphics\particle.h">
      <Filter>Source Files\graphics</Filter>
    </ClInclude>
    <ClInclude Include="..\src\graphics\particle_source.h">
      <Filter>Source Files\graphics</Filter>
    </ClInclude>
    <ClInclude Include="..\src\graphics\primitives.h">
      <Filter>Source Files\graphics</Filter>
    </ClInclude>
    <ClInclude Include="..\src\graphics\shader.h">
      <Filter>Source Files\graphics</Filter>
    </ClInclude>
    <ClInclude Include="..\src\graphics\shaders.h">
      <Filter>Source Files\graphics</Filter>
    </ClInclude>
    <ClInclude Include="..\src\graphics\skeletalmodel.h">
      <Filter>Source Files\graphics</Filter>
    </ClInclude>
    <ClInclude Include="..\src\graphics\string2rgb.h">
      <Filter>Source Files\graphics</Filter>
    </ClInclude>
    <ClInclude Include="..\src\graphics\texturecoordinate.h">
      <Filter>Source Files\graphics</Filter>
    </ClInclude>
    <ClInclude Include="..\src\graphics\texturehandler.h">
      <Filter>Source Files\graphics</Filter>
    </ClInclude>
    <ClInclude Include="..\src\graphics\viewmessage.h">
      <Filter>Source Files\graphics</Filter>
    </ClInclude>
    <ClInclude Include="..\src\graphics\visualworld.h">
      <Filter>Source Files\graphics</Filter>
    </ClInclude>
    <ClInclude Include="..\src\graphics\window.h">
      <Filter>Source Files\graphics</Filter>
    </ClInclude>
    <ClInclude Include="..\src\graphics\frustum\frustumr.h">
      <Filter>Source Files\graphics\frustum</Filter>
    </ClInclude>
    <ClInclude Include="..\src\graphics\frustum\matrix4.h">
      <Filter>Source Files\graphics\frustum</Filter>
    </ClInclude>
    <ClInclude Include="..\src\graphics\frustum\plane.h">
      <Filter>Source Files\graphics\frustum</Filter>
    </ClInclude>
    <ClInclude Include="..\src\net\socket.h">
      <Filter>Source Files\net</Filter>
    </ClInclude>
    <ClInclude Include="..\src\net\socket_handler.h">
      <Filter>Source Files\net</Filter>
    </ClInclude>
    <ClInclude Include="..\src\graphics\basiccamera.h">
      <Filter>Source Files\graphics</Filter>
    </ClInclude>
    <ClInclude Include="..\src\game_data\character_info.h">
      <Filter>Source Files\gamedata</Filter>
    </ClInclude>
    <ClInclude Include="..\src\world\item.h">
      <Filter>Source Files\world</Filter>
    </ClInclude>
    <ClInclude Include="..\src\world\level.h">
      <Filter>Source Files\world</Filter>
    </ClInclude>
    <ClInclude Include="..\src\world\order.h">
      <Filter>Source Files\world</Filter>
    </ClInclude>
    <ClInclude Include="..\src\world\ordercontainer.h">
      <Filter>Source Files\world</Filter>
    </ClInclude>
    <ClInclude Include="..\src\world\playerinfo.h">
      <Filter>Source Files\world</Filter>
    </ClInclude>
    <ClInclude Include="..\src\world\projectile.h">
      <Filter>Source Files\world</Filter>
    </ClInclude>
    <ClInclude Include="..\src\world\random.h">
      <Filter>Source Files\world</Filter>
    </ClInclude>
    <ClInclude Include="..\src\world\unit.h">
      <Filter>Source Files\world</Filter>
    </ClInclude>
    <ClInclude Include="..\src\world\weapon.h">
      <Filter>Source Files\world</Filter>
    </ClInclude>
    <ClInclude Include="..\src\world\world.h">
      <Filter>Source Files\world</Filter>
    </ClInclude>
    <ClInclude Include="..\src\world\world_item.h">
      <Filter>Source Files\world</Filter>
    </ClInclude>
    <ClInclude Include="..\src\world\worldevent.h">
      <Filter>Source Files\world</Filter>
    </ClInclude>
    <ClInclude Include="..\src\physics\collision.h">
      <Filter>Source Files\physics</Filter>
    </ClInclude>
    <ClInclude Include="..\src\physics\movable_object.h">
      <Filter>Source Files\physics</Filter>
    </ClInclude>
    <ClInclude Include="..\src\physics\octree.h">
      <Filter>Source Files\physics</Filter>
    </ClInclude>
    <ClInclude Include="..\src\physics\octree_object.h">
      <Filter>Source Files\physics</Filter>
    </ClInclude>
    <ClInclude Include="..\src\misc\apomath.h">
      <Filter>Source Files\misc</Filter>
    </ClInclude>
    <ClInclude Include="..\src\misc\fixed_point.h">
      <Filter>Source Files\misc</Filter>
    </ClInclude>
    <ClInclude Include="..\src\misc\fps_manager.h">
      <Filter>Source Files\misc</Filter>
    </ClInclude>
    <ClInclude Include="..\src\misc\hasproperties.h">
      <Filter>Source Files\misc</Filter>
    </ClInclude>
    <ClInclude Include="..\src\misc\idgenerator.h">
      <Filter>Source Files\misc</Filter>
    </ClInclude>
    <ClInclude Include="..\src\misc\keymanager.h">
      <Filter>Source Files\misc</Filter>
    </ClInclude>
    <ClInclude Include="..\src\misc\logger.h">
      <Filter>Source Files\misc</Filter>
    </ClInclude>
    <ClInclude Include="..\src\misc\messaging_system.h">
      <Filter>Source Files\misc</Filter>
    </ClInclude>
    <ClInclude Include="..\src\misc\timer.h">
      <Filter>Source Files\misc</Filter>
    </ClInclude>
    <ClInclude Include="..\src\misc\vec3.h">
      <Filter>Source Files\misc</Filter>
    </ClInclude>
    <ClInclude Include="..\src\local_machine\networkmessage.h">
      <Filter>Source Files\local_machine</Filter>
    </ClInclude>
    <ClInclude Include="..\src\algorithms.h">
      <Filter>Source Files</Filter>
    </ClInclude>
    <ClInclude Include="..\src\local_machine\game.h">
      <Filter>Source Files\local_machine</Filter>
    </ClInclude>
    <ClInclude Include="..\src\local_machine\localplayer.h">
      <Filter>Source Files\local_machine</Filter>
    </ClInclude>
    <ClInclude Include="..\src\local_machine\userio.h">
      <Filter>Source Files\local_machine</Filter>
    </ClInclude>
    <ClInclude Include="..\src\gamesound.h">
      <Filter>Source Files</Filter>
    </ClInclude>
  </ItemGroup>
  <ItemGroup>
    <None Include="..\src\misc\messaging_system.icc">
      <Filter>Source Files\misc</Filter>
    </None>
    <None Include="..\src\misc\vec3.icc">
      <Filter>Source Files\misc</Filter>
    </None>
  </ItemGroup>
</Project>